
Microsoft Visual Studio Solution File, Format Version 12.00
# Visual Studio Version 17
VisualStudioVersion = 17.3.32922.545
MinimumVisualStudioVersion = 10.0.40219.1
Project("{FAE04EC0-301F-11D3-BF4B-00C04F79EFBC}") = "magazyn", "magazyn\magazyn.csproj", "{A234819A-A269-4F92-8515-79D89A04D9B6}"
EndProject
Global
	GlobalSection(SolutionConfigurationPlatforms) = preSolution
		Debug|Any CPU = Debug|Any CPU
		Release|Any CPU = Release|Any CPU
	EndGlobalSection
	GlobalSection(ProjectConfigurationPlatforms) = postSolution
		{A234819A-A269-4F92-8515-79D89A04D9B6}.Debug|Any CPU.ActiveCfg = Debug|Any CPU
		{A234819A-A269-4F92-8515-79D89A04D9B6}.Debug|Any CPU.Build.0 = Debug|Any CPU
		{A234819A-A269-4F92-8515-79D89A04D9B6}.Release|Any CPU.ActiveCfg = Release|Any CPU
		{A234819A-A269-4F92-8515-79D89A04D9B6}.Release|Any CPU.Build.0 = Release|Any CPU
	EndGlobalSection
	GlobalSection(SolutionProperties) = preSolution
		HideSolutionNode = FALSE
	EndGlobalSection
	GlobalSection(ExtensibilityGlobals) = postSolution
		SolutionGuid = {38D8D97C-56B4-4295-903E-02108ADE1F7B}
	EndGlobalSection
EndGlobal
